
Microsoft Visual Studio Solution File, Format Version 12.00
# Visual Studio Version 16
VisualStudioVersion = 16.0.31515.178
MinimumVisualStudioVersion = 10.0.40219.1
Project("{FAE04EC0-301F-11D3-BF4B-00C04F79EFBC}") = "BankingValidations2.3", "BankingValidations2.3\BankingValidations2.3.csproj", "{4D6D8D0C-1250-4E68-8C1D-668338AFD399}"
EndProject
Global
	GlobalSection(SolutionConfigurationPlatforms) = preSolution
		Debug|Any CPU = Debug|Any CPU
		Release|Any CPU = Release|Any CPU
	EndGlobalSection
	GlobalSection(ProjectConfigurationPlatforms) = postSolution
		{4D6D8D0C-1250-4E68-8C1D-668338AFD399}.Debug|Any CPU.ActiveCfg = Debug|Any CPU
		{4D6D8D0C-1250-4E68-8C1D-668338AFD399}.Debug|Any CPU.Build.0 = Debug|Any CPU
		{4D6D8D0C-1250-4E68-8C1D-668338AFD399}.Release|Any CPU.ActiveCfg = Release|Any CPU
		{4D6D8D0C-1250-4E68-8C1D-668338AFD399}.Release|Any CPU.Build.0 = Release|Any CPU
	EndGlobalSection
	GlobalSection(SolutionProperties) = preSolution
		HideSolutionNode = FALSE
	EndGlobalSection
	GlobalSection(ExtensibilityGlobals) = postSolution
		SolutionGuid = {8A6678FA-BFEA-4CA3-81DB-638671628157}
	EndGlobalSection
EndGlobal
